
Microsoft Visual Studio Solution File, Format Version 12.00
# Visual Studio Version 17
VisualStudioVersion = 17.0.31903.59
MinimumVisualStudioVersion = 10.0.40219.1
Project("{2150E333-8FDC-42A3-9474-1A3956D46DE8}") = "src", "src", "{827E0CD3-B72D-47B6-A68D-7590B98EB39B}"
EndProject
Project("{FAE04EC0-301F-11D3-BF4B-00C04F79EFBC}") = "AIVitals.Adapters.Abstractions", "src\AIVitals.Adapters.Abstractions\AIVitals.Adapters.Abstractions.csproj", "{D3DE6AC0-478E-44C5-9821-EBDAD352AF08}"
EndProject
Project("{FAE04EC0-301F-11D3-BF4B-00C04F79EFBC}") = "AIVitals.Adapters.Fake", "src\AIVitals.Adapters.Fake\AIVitals.Adapters.Fake.csproj", "{315042AF-A08E-4EAE-8BBD-A46B4DAD12E5}"
EndProject
Project("{FAE04EC0-301F-11D3-BF4B-00C04F79EFBC}") = "AIVitals.App", "src\AIVitals.App\AIVitals.App.csproj", "{B945956E-0DAA-47EB-95EE-BCD1687287E6}"
EndProject
Project("{FAE04EC0-301F-11D3-BF4B-00C04F79EFBC}") = "AIVitals.Application", "src\AIVitals.Application\AIVitals.Application.csproj", "{2A2B139D-81F2-4464-8F39-158F28977D5A}"
EndProject
Project("{FAE04EC0-301F-11D3-BF4B-00C04F79EFBC}") = "AIVitals.Domain", "src\AIVitals.Domain\AIVitals.Domain.csproj", "{C9D1DC7F-A9CD-4FE8-92C1-1282945E4941}"
EndProject
Project("{FAE04EC0-301F-11D3-BF4B-00C04F79EFBC}") = "AIVitals.Infrastructure", "src\AIVitals.Infrastructure\AIVitals.Infrastructure.csproj", "{EF5A7D37-D5AC-4380-9A01-F6CD15FB7D78}"
EndProject
Project("{FAE04EC0-301F-11D3-BF4B-00C04F79EFBC}") = "AIVitals.Platform.Windows", "src\AIVitals.Platform.Windows\AIVitals.Platform.Windows.csproj", "{52430F1C-BF8A-4804-941E-496ED355C0F4}"
EndProject
Project("{FAE04EC0-301F-11D3-BF4B-00C04F79EFBC}") = "AIVitals.AdapterContractTests", "tests\AIVitals.AdapterContractTests\AIVitals.AdapterContractTests.csproj", "{F8703962-5BBB-418B-9361-5B159082624C}"
EndProject
Project("{FAE04EC0-301F-11D3-BF4B-00C04F79EFBC}") = "AIVitals.IntegrationTests", "tests\AIVitals.IntegrationTests\AIVitals.IntegrationTests.csproj", "{7CC353F9-3A2F-43AF-A911-0B2098B57B06}"
EndProject
Project("{FAE04EC0-301F-11D3-BF4B-00C04F79EFBC}") = "AIVitals.UnitTests", "tests\AIVitals.UnitTests\AIVitals.UnitTests.csproj", "{2243CDD4-72A5-4A3E-80E4-5BD3AA81AD74}"
EndProject
Project("{FAE04EC0-301F-11D3-BF4B-00C04F79EFBC}") = "AIVitals.Adapters.Codex", "src\AIVitals.Adapters.Codex\AIVitals.Adapters.Codex.csproj", "{3D740B6F-450B-402A-BF7E-8E0D1DAE4C2A}"
EndProject
Project("{FAE04EC0-301F-11D3-BF4B-00C04F79EFBC}") = "AIVitals.Adapters.ClaudeCode", "src\AIVitals.Adapters.ClaudeCode\AIVitals.Adapters.ClaudeCode.csproj", "{58EDA5F2-1060-489D-AFC9-AD8C6C94CDAA}"
EndProject
Project("{FAE04EC0-301F-11D3-BF4B-00C04F79EFBC}") = "AIVitals.ClaudeCode.StatusLine", "src\AIVitals.ClaudeCode.StatusLine\AIVitals.ClaudeCode.StatusLine.csproj", "{2ED811DD-9E03-4A08-9813-05C8425E517F}"
EndProject
Global
	GlobalSection(SolutionConfigurationPlatforms) = preSolution
		Debug|Any CPU = Debug|Any CPU
		Debug|x64 = Debug|x64
		Debug|x86 = Debug|x86
		Release|Any CPU = Release|Any CPU
		Release|x64 = Release|x64
		Release|x86 = Release|x86
	EndGlobalSection
	GlobalSection(ProjectConfigurationPlatforms) = postSolution
		{D3DE6AC0-478E-44C5-9821-EBDAD352AF08}.Debug|Any CPU.ActiveCfg = Debug|Any CPU
		{D3DE6AC0-478E-44C5-9821-EBDAD352AF08}.Debug|Any CPU.Build.0 = Debug|Any CPU
		{D3DE6AC0-478E-44C5-9821-EBDAD352AF08}.Debug|x64.ActiveCfg = Debug|Any CPU
		{D3DE6AC0-478E-44C5-9821-EBDAD352AF08}.Debug|x64.Build.0 = Debug|Any CPU
		{D3DE6AC0-478E-44C5-9821-EBDAD352AF08}.Debug|x86.ActiveCfg = Debug|Any CPU
		{D3DE6AC0-478E-44C5-9821-EBDAD352AF08}.Debug|x86.Build.0 = Debug|Any CPU
		{D3DE6AC0-478E-44C5-9821-EBDAD352AF08}.Release|Any CPU.ActiveCfg = Release|Any CPU
		{D3DE6AC0-478E-44C5-9821-EBDAD352AF08}.Release|Any CPU.Build.0 = Release|Any CPU
		{D3DE6AC0-478E-44C5-9821-EBDAD352AF08}.Release|x64.ActiveCfg = Release|Any CPU
		{D3DE6AC0-478E-44C5-9821-EBDAD352AF08}.Release|x64.Build.0 = Release|Any CPU
		{D3DE6AC0-478E-44C5-9821-EBDAD352AF08}.Release|x86.ActiveCfg = Release|Any CPU
		{D3DE6AC0-478E-44C5-9821-EBDAD352AF08}.Release|x86.Build.0 = Release|Any CPU
		{315042AF-A08E-4EAE-8BBD-A46B4DAD12E5}.Debug|Any CPU.ActiveCfg = Debug|Any CPU
		{315042AF-A08E-4EAE-8BBD-A46B4DAD12E5}.Debug|Any CPU.Build.0 = Debug|Any CPU
		{315042AF-A08E-4EAE-8BBD-A46B4DAD12E5}.Debug|x64.ActiveCfg = Debug|Any CPU
		{315042AF-A08E-4EAE-8BBD-A46B4DAD12E5}.Debug|x64.Build.0 = Debug|Any CPU
		{315042AF-A08E-4EAE-8BBD-A46B4DAD12E5}.Debug|x86.ActiveCfg = Debug|Any CPU
		{315042AF-A08E-4EAE-8BBD-A46B4DAD12E5}.Debug|x86.Build.0 = Debug|Any CPU
		{315042AF-A08E-4EAE-8BBD-A46B4DAD12E5}.Release|Any CPU.ActiveCfg = Release|Any CPU
		{315042AF-A08E-4EAE-8BBD-A46B4DAD12E5}.Release|Any CPU.Build.0 = Release|Any CPU
		{315042AF-A08E-4EAE-8BBD-A46B4DAD12E5}.Release|x64.ActiveCfg = Release|Any CPU
		{315042AF-A08E-4EAE-8BBD-A46B4DAD12E5}.Release|x64.Build.0 = Release|Any CPU
		{315042AF-A08E-4EAE-8BBD-A46B4DAD12E5}.Release|x86.ActiveCfg = Release|Any CPU
		{315042AF-A08E-4EAE-8BBD-A46B4DAD12E5}.Release|x86.Build.0 = Release|Any CPU
		{B945956E-0DAA-47EB-95EE-BCD1687287E6}.Debug|Any CPU.ActiveCfg = Debug|Any CPU
		{B945956E-0DAA-47EB-95EE-BCD1687287E6}.Debug|Any CPU.Build.0 = Debug|Any CPU
		{B945956E-0DAA-47EB-95EE-BCD1687287E6}.Debug|x64.ActiveCfg = Debug|Any CPU
		{B945956E-0DAA-47EB-95EE-BCD1687287E6}.Debug|x64.Build.0 = Debug|Any CPU
		{B945956E-0DAA-47EB-95EE-BCD1687287E6}.Debug|x86.ActiveCfg = Debug|Any CPU
		{B945956E-0DAA-47EB-95EE-BCD1687287E6}.Debug|x86.Build.0 = Debug|Any CPU
		{B945956E-0DAA-47EB-95EE-BCD1687287E6}.Release|Any CPU.ActiveCfg = Release|Any CPU
		{B945956E-0DAA-47EB-95EE-BCD1687287E6}.Release|Any CPU.Build.0 = Release|Any CPU
		{B945956E-0DAA-47EB-95EE-BCD1687287E6}.Release|x64.ActiveCfg = Release|Any CPU
		{B945956E-0DAA-47EB-95EE-BCD1687287E6}.Release|x64.Build.0 = Release|Any CPU
		{B945956E-0DAA-47EB-95EE-BCD1687287E6}.Release|x86.ActiveCfg = Release|Any CPU
		{B945956E-0DAA-47EB-95EE-BCD1687287E6}.Release|x86.Build.0 = Release|Any CPU
		{2A2B139D-81F2-4464-8F39-158F28977D5A}.Debug|Any CPU.ActiveCfg = Debug|Any CPU
		{2A2B139D-81F2-4464-8F39-158F28977D5A}.Debug|Any CPU.Build.0 = Debug|Any CPU
		{2A2B139D-81F2-4464-8F39-158F28977D5A}.Debug|x64.ActiveCfg = Debug|Any CPU
		{2A2B139D-81F2-4464-8F39-158F28977D5A}.Debug|x64.Build.0 = Debug|Any CPU
		{2A2B139D-81F2-4464-8F39-158F28977D5A}.Debug|x86.ActiveCfg = Debug|Any CPU
		{2A2B139D-81F2-4464-8F39-158F28977D5A}.Debug|x86.Build.0 = Debug|Any CPU
		{2A2B139D-81F2-4464-8F39-158F28977D5A}.Release|Any CPU.ActiveCfg = Release|Any CPU
		{2A2B139D-81F2-4464-8F39-158F28977D5A}.Release|Any CPU.Build.0 = Release|Any CPU
		{2A2B139D-81F2-4464-8F39-158F28977D5A}.Release|x64.ActiveCfg = Release|Any CPU
		{2A2B139D-81F2-4464-8F39-158F28977D5A}.Release|x64.Build.0 = Release|Any CPU
		{2A2B139D-81F2-4464-8F39-158F28977D5A}.Release|x86.ActiveCfg = Release|Any CPU
		{2A2B139D-81F2-4464-8F39-158F28977D5A}.Release|x86.Build.0 = Release|Any CPU
		{C9D1DC7F-A9CD-4FE8-92C1-1282945E4941}.Debug|Any CPU.ActiveCfg = Debug|Any CPU
		{C9D1DC7F-A9CD-4FE8-92C1-1282945E4941}.Debug|Any CPU.Build.0 = Debug|Any CPU
		{C9D1DC7F-A9CD-4FE8-92C1-1282945E4941}.Debug|x64.ActiveCfg = Debug|Any CPU
		{C9D1DC7F-A9CD-4FE8-92C1-1282945E4941}.Debug|x64.Build.0 = Debug|Any CPU
		{C9D1DC7F-A9CD-4FE8-92C1-1282945E4941}.Debug|x86.ActiveCfg = Debug|Any CPU
		{C9D1DC7F-A9CD-4FE8-92C1-1282945E4941}.Debug|x86.Build.0 = Debug|Any CPU
		{C9D1DC7F-A9CD-4FE8-92C1-1282945E4941}.Release|Any CPU.ActiveCfg = Release|Any CPU
		{C9D1DC7F-A9CD-4FE8-92C1-1282945E4941}.Release|Any CPU.Build.0 = Release|Any CPU
		{C9D1DC7F-A9CD-4FE8-92C1-1282945E4941}.Release|x64.ActiveCfg = Release|Any CPU
		{C9D1DC7F-A9CD-4FE8-92C1-1282945E4941}.Release|x64.Build.0 = Release|Any CPU
		{C9D1DC7F-A9CD-4FE8-92C1-1282945E4941}.Release|x86.ActiveCfg = Release|Any CPU
		{C9D1DC7F-A9CD-4FE8-92C1-1282945E4941}.Release|x86.Build.0 = Release|Any CPU
		{EF5A7D37-D5AC-4380-9A01-F6CD15FB7D78}.Debug|Any CPU.ActiveCfg = Debug|Any CPU
		{EF5A7D37-D5AC-4380-9A01-F6CD15FB7D78}.Debug|Any CPU.Build.0 = Debug|Any CPU
		{EF5A7D37-D5AC-4380-9A01-F6CD15FB7D78}.Debug|x64.ActiveCfg = Debug|Any CPU
		{EF5A7D37-D5AC-4380-9A01-F6CD15FB7D78}.Debug|x64.Build.0 = Debug|Any CPU
		{EF5A7D37-D5AC-4380-9A01-F6CD15FB7D78}.Debug|x86.ActiveCfg = Debug|Any CPU
		{EF5A7D37-D5AC-4380-9A01-F6CD15FB7D78}.Debug|x86.Build.0 = Debug|Any CPU
		{EF5A7D37-D5AC-4380-9A01-F6CD15FB7D78}.Release|Any CPU.ActiveCfg = Release|Any CPU
		{EF5A7D37-D5AC-4380-9A01-F6CD15FB7D78}.Release|Any CPU.Build.0 = Release|Any CPU
		{EF5A7D37-D5AC-4380-9A01-F6CD15FB7D78}.Release|x64.ActiveCfg = Release|Any CPU
		{EF5A7D37-D5AC-4380-9A01-F6CD15FB7D78}.Release|x64.Build.0 = Release|Any CPU
		{EF5A7D37-D5AC-4380-9A01-F6CD15FB7D78}.Release|x86.ActiveCfg = Release|Any CPU
		{EF5A7D37-D5AC-4380-9A01-F6CD15FB7D78}.Release|x86.Build.0 = Release|Any CPU
		{52430F1C-BF8A-4804-941E-496ED355C0F4}.Debug|Any CPU.ActiveCfg = Debug|Any CPU
		{52430F1C-BF8A-4804-941E-496ED355C0F4}.Debug|Any CPU.Build.0 = Debug|Any CPU
		{52430F1C-BF8A-4804-941E-496ED355C0F4}.Debug|x64.ActiveCfg = Debug|Any CPU
		{52430F1C-BF8A-4804-941E-496ED355C0F4}.Debug|x64.Build.0 = Debug|Any CPU
		{52430F1C-BF8A-4804-941E-496ED355C0F4}.Debug|x86.ActiveCfg = Debug|Any CPU
		{52430F1C-BF8A-4804-941E-496ED355C0F4}.Debug|x86.Build.0 = Debug|Any CPU
		{52430F1C-BF8A-4804-941E-496ED355C0F4}.Release|Any CPU.ActiveCfg = Release|Any CPU
		{52430F1C-BF8A-4804-941E-496ED355C0F4}.Release|Any CPU.Build.0 = Release|Any CPU
		{52430F1C-BF8A-4804-941E-496ED355C0F4}.Release|x64.ActiveCfg = Release|Any CPU
		{52430F1C-BF8A-4804-941E-496ED355C0F4}.Release|x64.Build.0 = Release|Any CPU
		{52430F1C-BF8A-4804-941E-496ED355C0F4}.Release|x86.ActiveCfg = Release|Any CPU
		{52430F1C-BF8A-4804-941E-496ED355C0F4}.Release|x86.Build.0 = Release|Any CPU
		{F8703962-5BBB-418B-9361-5B159082624C}.Debug|Any CPU.ActiveCfg = Debug|Any CPU
		{F8703962-5BBB-418B-9361-5B159082624C}.Debug|Any CPU.Build.0 = Debug|Any CPU
		{F8703962-5BBB-418B-9361-5B159082624C}.Debug|x64.ActiveCfg = Debug|Any CPU
		{F8703962-5BBB-418B-9361-5B159082624C}.Debug|x64.Build.0 = Debug|Any CPU
		{F8703962-5BBB-418B-9361-5B159082624C}.Debug|x86.ActiveCfg = Debug|Any CPU
		{F8703962-5BBB-418B-9361-5B159082624C}.Debug|x86.Build.0 = Debug|Any CPU
		{F8703962-5BBB-418B-9361-5B159082624C}.Release|Any CPU.ActiveCfg = Release|Any CPU
		{F8703962-5BBB-418B-9361-5B159082624C}.Release|Any CPU.Build.0 = Release|Any CPU
		{F8703962-5BBB-418B-9361-5B159082624C}.Release|x64.ActiveCfg = Release|Any CPU
		{F8703962-5BBB-418B-9361-5B159082624C}.Release|x64.Build.0 = Release|Any CPU
		{F8703962-5BBB-418B-9361-5B159082624C}.Release|x86.ActiveCfg = Release|Any CPU
		{F8703962-5BBB-418B-9361-5B159082624C}.Release|x86.Build.0 = Release|Any CPU
		{7CC353F9-3A2F-43AF-A911-0B2098B57B06}.Debug|Any CPU.ActiveCfg = Debug|Any CPU
		{7CC353F9-3A2F-43AF-A911-0B2098B57B06}.Debug|Any CPU.Build.0 = Debug|Any CPU
		{7CC353F9-3A2F-43AF-A911-0B2098B57B06}.Debug|x64.ActiveCfg = Debug|Any CPU
		{7CC353F9-3A2F-43AF-A911-0B2098B57B06}.Debug|x64.Build.0 = Debug|Any CPU
		{7CC353F9-3A2F-43AF-A911-0B2098B57B06}.Debug|x86.ActiveCfg = Debug|Any CPU
		{7CC353F9-3A2F-43AF-A911-0B2098B57B06}.Debug|x86.Build.0 = Debug|Any CPU
		{7CC353F9-3A2F-43AF-A911-0B2098B57B06}.Release|Any CPU.ActiveCfg = Release|Any CPU
		{7CC353F9-3A2F-43AF-A911-0B2098B57B06}.Release|Any CPU.Build.0 = Release|Any CPU
		{7CC353F9-3A2F-43AF-A911-0B2098B57B06}.Release|x64.ActiveCfg = Release|Any CPU
		{7CC353F9-3A2F-43AF-A911-0B2098B57B06}.Release|x64.Build.0 = Release|Any CPU
		{7CC353F9-3A2F-43AF-A911-0B2098B57B06}.Release|x86.ActiveCfg = Release|Any CPU
		{7CC353F9-3A2F-43AF-A911-0B2098B57B06}.Release|x86.Build.0 = Release|Any CPU
		{2243CDD4-72A5-4A3E-80E4-5BD3AA81AD74}.Debug|Any CPU.ActiveCfg = Debug|Any CPU
		{2243CDD4-72A5-4A3E-80E4-5BD3AA81AD74}.Debug|Any CPU.Build.0 = Debug|Any CPU
		{2243CDD4-72A5-4A3E-80E4-5BD3AA81AD74}.Debug|x64.ActiveCfg = Debug|Any CPU
		{2243CDD4-72A5-4A3E-80E4-5BD3AA81AD74}.Debug|x64.Build.0 = Debug|Any CPU
		{2243CDD4-72A5-4A3E-80E4-5BD3AA81AD74}.Debug|x86.ActiveCfg = Debug|Any CPU
		{2243CDD4-72A5-4A3E-80E4-5BD3AA81AD74}.Debug|x86.Build.0 = Debug|Any CPU
		{2243CDD4-72A5-4A3E-80E4-5BD3AA81AD74}.Release|Any CPU.ActiveCfg = Release|Any CPU
		{2243CDD4-72A5-4A3E-80E4-5BD3AA81AD74}.Release|Any CPU.Build.0 = Release|Any CPU
		{2243CDD4-72A5-4A3E-80E4-5BD3AA81AD74}.Release|x64.ActiveCfg = Release|Any CPU
		{2243CDD4-72A5-4A3E-80E4-5BD3AA81AD74}.Release|x64.Build.0 = Release|Any CPU
		{2243CDD4-72A5-4A3E-80E4-5BD3AA81AD74}.Release|x86.ActiveCfg = Release|Any CPU
		{2243CDD4-72A5-4A3E-80E4-5BD3AA81AD74}.Release|x86.Build.0 = Release|Any CPU
		{3D740B6F-450B-402A-BF7E-8E0D1DAE4C2A}.Debug|Any CPU.ActiveCfg = Debug|Any CPU
		{3D740B6F-450B-402A-BF7E-8E0D1DAE4C2A}.Debug|Any CPU.Build.0 = Debug|Any CPU
		{3D740B6F-450B-402A-BF7E-8E0D1DAE4C2A}.Debug|x64.ActiveCfg = Debug|Any CPU
		{3D740B6F-450B-402A-BF7E-8E0D1DAE4C2A}.Debug|x64.Build.0 = Debug|Any CPU
		{3D740B6F-450B-402A-BF7E-8E0D1DAE4C2A}.Debug|x86.ActiveCfg = Debug|Any CPU
		{3D740B6F-450B-402A-BF7E-8E0D1DAE4C2A}.Debug|x86.Build.0 = Debug|Any CPU
		{3D740B6F-450B-402A-BF7E-8E0D1DAE4C2A}.Release|Any CPU.ActiveCfg = Release|Any CPU
		{3D740B6F-450B-402A-BF7E-8E0D1DAE4C2A}.Release|Any CPU.Build.0 = Release|Any CPU
		{3D740B6F-450B-402A-BF7E-8E0D1DAE4C2A}.Release|x64.ActiveCfg = Release|Any CPU
		{3D740B6F-450B-402A-BF7E-8E0D1DAE4C2A}.Release|x64.Build.0 = Release|Any CPU
		{3D740B6F-450B-402A-BF7E-8E0D1DAE4C2A}.Release|x86.ActiveCfg = Release|Any CPU
		{3D740B6F-450B-402A-BF7E-8E0D1DAE4C2A}.Release|x86.Build.0 = Release|Any CPU
		{58EDA5F2-1060-489D-AFC9-AD8C6C94CDAA}.Debug|Any CPU.ActiveCfg = Debug|Any CPU
		{58EDA5F2-1060-489D-AFC9-AD8C6C94CDAA}.Debug|Any CPU.Build.0 = Debug|Any CPU
		{58EDA5F2-1060-489D-AFC9-AD8C6C94CDAA}.Debug|x64.ActiveCfg = Debug|Any CPU
		{58EDA5F2-1060-489D-AFC9-AD8C6C94CDAA}.Debug|x64.Build.0 = Debug|Any CPU
		{58EDA5F2-1060-489D-AFC9-AD8C6C94CDAA}.Debug|x86.ActiveCfg = Debug|Any CPU
		{58EDA5F2-1060-489D-AFC9-AD8C6C94CDAA}.Debug|x86.Build.0 = Debug|Any CPU
		{58EDA5F2-1060-489D-AFC9-AD8C6C94CDAA}.Release|Any CPU.ActiveCfg = Release|Any CPU
		{58EDA5F2-1060-489D-AFC9-AD8C6C94CDAA}.Release|Any CPU.Build.0 = Release|Any CPU
		{58EDA5F2-1060-489D-AFC9-AD8C6C94CDAA}.Release|x64.ActiveCfg = Release|Any CPU
		{58EDA5F2-1060-489D-AFC9-AD8C6C94CDAA}.Release|x64.Build.0 = Release|Any CPU
		{58EDA5F2-1060-489D-AFC9-AD8C6C94CDAA}.Release|x86.ActiveCfg = Release|Any CPU
		{58EDA5F2-1060-489D-AFC9-AD8C6C94CDAA}.Release|x86.Build.0 = Release|Any CPU
		{2ED811DD-9E03-4A08-9813-05C8425E517F}.Debug|Any CPU.ActiveCfg = Debug|Any CPU
		{2ED811DD-9E03-4A08-9813-05C8425E517F}.Debug|Any CPU.Build.0 = Debug|Any CPU
		{2ED811DD-9E03-4A08-9813-05C8425E517F}.Debug|x64.ActiveCfg = Debug|Any CPU
		{2ED811DD-9E03-4A08-9813-05C8425E517F}.Debug|x64.Build.0 = Debug|Any CPU
		{2ED811DD-9E03-4A08-9813-05C8425E517F}.Debug|x86.ActiveCfg = Debug|Any CPU
		{2ED811DD-9E03-4A08-9813-05C8425E517F}.Debug|x86.Build.0 = Debug|Any CPU
		{2ED811DD-9E03-4A08-9813-05C8425E517F}.Release|Any CPU.ActiveCfg = Release|Any CPU
		{2ED811DD-9E03-4A08-9813-05C8425E517F}.Release|Any CPU.Build.0 = Release|Any CPU
		{2ED811DD-9E03-4A08-9813-05C8425E517F}.Release|x64.ActiveCfg = Release|Any CPU
		{2ED811DD-9E03-4A08-9813-05C8425E517F}.Release|x64.Build.0 = Release|Any CPU
		{2ED811DD-9E03-4A08-9813-05C8425E517F}.Release|x86.ActiveCfg = Release|Any CPU
		{2ED811DD-9E03-4A08-9813-05C8425E517F}.Release|x86.Build.0 = Release|Any CPU
	EndGlobalSection
	GlobalSection(SolutionProperties) = preSolution
		HideSolutionNode = FALSE
	EndGlobalSection
	GlobalSection(NestedProjects) = preSolution
		{D3DE6AC0-478E-44C5-9821-EBDAD352AF08} = {827E0CD3-B72D-47B6-A68D-7590B98EB39B}
		{315042AF-A08E-4EAE-8BBD-A46B4DAD12E5} = {827E0CD3-B72D-47B6-A68D-7590B98EB39B}
		{B945956E-0DAA-47EB-95EE-BCD1687287E6} = {827E0CD3-B72D-47B6-A68D-7590B98EB39B}
		{2A2B139D-81F2-4464-8F39-158F28977D5A} = {827E0CD3-B72D-47B6-A68D-7590B98EB39B}
		{C9D1DC7F-A9CD-4FE8-92C1-1282945E4941} = {827E0CD3-B72D-47B6-A68D-7590B98EB39B}
		{EF5A7D37-D5AC-4380-9A01-F6CD15FB7D78} = {827E0CD3-B72D-47B6-A68D-7590B98EB39B}
		{52430F1C-BF8A-4804-941E-496ED355C0F4} = {827E0CD3-B72D-47B6-A68D-7590B98EB39B}
		{F8703962-5BBB-418B-9361-5B159082624C} = {827E0CD3-B72D-47B6-A68D-7590B98EB39B}
		{7CC353F9-3A2F-43AF-A911-0B2098B57B06} = {827E0CD3-B72D-47B6-A68D-7590B98EB39B}
		{2243CDD4-72A5-4A3E-80E4-5BD3AA81AD74} = {827E0CD3-B72D-47B6-A68D-7590B98EB39B}
		{3D740B6F-450B-402A-BF7E-8E0D1DAE4C2A} = {827E0CD3-B72D-47B6-A68D-7590B98EB39B}
		{58EDA5F2-1060-489D-AFC9-AD8C6C94CDAA} = {827E0CD3-B72D-47B6-A68D-7590B98EB39B}
		{2ED811DD-9E03-4A08-9813-05C8425E517F} = {827E0CD3-B72D-47B6-A68D-7590B98EB39B}
	EndGlobalSection
EndGlobal
